
Microsoft Visual Studio Solution File, Format Version 12.00
# Visual Studio 14
VisualStudioVersion = 14.0.25420.1
MinimumVisualStudioVersion = 10.0.40219.1
Project("{FAE04EC0-301F-11D3-BF4B-00C04F79EFBC}") = "Fan.Conveyancing", "Conveyancing\Fan.Conveyancing.csproj", "{C4352F13-A647-44AF-A11C-7E43C1811912}"
EndProject
Project("{FAE04EC0-301F-11D3-BF4B-00C04F79EFBC}") = "Fan.Conveyancing.Tests", "Conveyancing.Tests\Fan.Conveyancing.Tests.csproj", "{067456C0-086C-46A8-B37F-1405717B7BFC}"
EndProject
Project("{FAE04EC0-301F-11D3-BF4B-00C04F79EFBC}") = "Fan.StampDuty", "StampDutyCalculator.Lib\Fan.StampDuty.csproj", "{5221B558-D0CB-43E0-81F0-63E867FB6D7D}"
EndProject
Project("{FAE04EC0-301F-11D3-BF4B-00C04F79EFBC}") = "Fan.StampDuty.Tests", "StampDutyCalculator.Lib.Tests\Fan.StampDuty.Tests.csproj", "{8EDF4429-251A-416D-BB68-93F227191BCF}"
EndProject
Project("{FAE04EC0-301F-11D3-BF4B-00C04F79EFBC}") = "Fan.Conveyancing.Web", "Fan.Conveyancing.Web\Fan.Conveyancing.Web.csproj", "{A0EED680-BCC1-4BF0-AA45-F7700949AE9C}"
EndProject
Project("{FAE04EC0-301F-11D3-BF4B-00C04F79EFBC}") = "Fan.Conveyancing.Web.Tests", "Fan.Conveyancing.Web.Tests\Fan.Conveyancing.Web.Tests.csproj", "{9DEC954C-AAA5-4667-B9A5-3F97220FE083}"
EndProject
Global
	GlobalSection(SolutionConfigurationPlatforms) = preSolution
		Debug|Any CPU = Debug|Any CPU
		Release|Any CPU = Release|Any CPU
	EndGlobalSection
	GlobalSection(ProjectConfigurationPlatforms) = postSolution
		{C4352F13-A647-44AF-A11C-7E43C1811912}.Debug|Any CPU.ActiveCfg = Debug|Any CPU
		{C4352F13-A647-44AF-A11C-7E43C1811912}.Debug|Any CPU.Build.0 = Debug|Any CPU
		{C4352F13-A647-44AF-A11C-7E43C1811912}.Release|Any CPU.ActiveCfg = Release|Any CPU
		{C4352F13-A647-44AF-A11C-7E43C1811912}.Release|Any CPU.Build.0 = Release|Any CPU
		{067456C0-086C-46A8-B37F-1405717B7BFC}.Debug|Any CPU.ActiveCfg = Debug|Any CPU
		{067456C0-086C-46A8-B37F-1405717B7BFC}.Debug|Any CPU.Build.0 = Debug|Any CPU
		{067456C0-086C-46A8-B37F-1405717B7BFC}.Release|Any CPU.ActiveCfg = Release|Any CPU
		{067456C0-086C-46A8-B37F-1405717B7BFC}.Release|Any CPU.Build.0 = Release|Any CPU
		{5221B558-D0CB-43E0-81F0-63E867FB6D7D}.Debug|Any CPU.ActiveCfg = Debug|Any CPU
		{5221B558-D0CB-43E0-81F0-63E867FB6D7D}.Debug|Any CPU.Build.0 = Debug|Any CPU
		{5221B558-D0CB-43E0-81F0-63E867FB6D7D}.Release|Any CPU.ActiveCfg = Release|Any CPU
		{5221B558-D0CB-43E0-81F0-63E867FB6D7D}.Release|Any CPU.Build.0 = Release|Any CPU
		{8EDF4429-251A-416D-BB68-93F227191BCF}.Debug|Any CPU.ActiveCfg = Debug|Any CPU
		{8EDF4429-251A-416D-BB68-93F227191BCF}.Debug|Any CPU.Build.0 = Debug|Any CPU
		{8EDF4429-251A-416D-BB68-93F227191BCF}.Release|Any CPU.ActiveCfg = Release|Any CPU
		{8EDF4429-251A-416D-BB68-93F227191BCF}.Release|Any CPU.Build.0 = Release|Any CPU
		{A0EED680-BCC1-4BF0-AA45-F7700949AE9C}.Debug|Any CPU.ActiveCfg = Debug|Any CPU
		{A0EED680-BCC1-4BF0-AA45-F7700949AE9C}.Debug|Any CPU.Build.0 = Debug|Any CPU
		{A0EED680-BCC1-4BF0-AA45-F7700949AE9C}.Release|Any CPU.ActiveCfg = Release|Any CPU
		{A0EED680-BCC1-4BF0-AA45-F7700949AE9C}.Release|Any CPU.Build.0 = Release|Any CPU
		{9DEC954C-AAA5-4667-B9A5-3F97220FE083}.Debug|Any CPU.ActiveCfg = Debug|Any CPU
		{9DEC954C-AAA5-4667-B9A5-3F97220FE083}.Debug|Any CPU.Build.0 = Debug|Any CPU
		{9DEC954C-AAA5-4667-B9A5-3F97220FE083}.Release|Any CPU.ActiveCfg = Release|Any CPU
		{9DEC954C-AAA5-4667-B9A5-3F97220FE083}.Release|Any CPU.Build.0 = Release|Any CPU
	EndGlobalSection
	GlobalSection(SolutionProperties) = preSolution
		HideSolutionNode = FALSE
	EndGlobalSection
EndGlobal
